
Microsoft Visual Studio Solution File, Format Version 12.00
# Visual Studio Version 16
VisualStudioVersion = 16.0.30225.117
MinimumVisualStudioVersion = 10.0.40219.1
Project("{FAE04EC0-301F-11D3-BF4B-00C04F79EFBC}") = "averageof3", "averageof3\averageof3.csproj", "{33F9A263-0043-4879-9076-B8A1F631F407}"
EndProject
Global
	GlobalSection(SolutionConfigurationPlatforms) = preSolution
		Debug|Any CPU = Debug|Any CPU
		Release|Any CPU = Release|Any CPU
	EndGlobalSection
	GlobalSection(ProjectConfigurationPlatforms) = postSolution
		{33F9A263-0043-4879-9076-B8A1F631F407}.Debug|Any CPU.ActiveCfg = Debug|Any CPU
		{33F9A263-0043-4879-9076-B8A1F631F407}.Debug|Any CPU.Build.0 = Debug|Any CPU
		{33F9A263-0043-4879-9076-B8A1F631F407}.Release|Any CPU.ActiveCfg = Release|Any CPU
		{33F9A263-0043-4879-9076-B8A1F631F407}.Release|Any CPU.Build.0 = Release|Any CPU
	EndGlobalSection
	GlobalSection(SolutionProperties) = preSolution
		HideSolutionNode = FALSE
	EndGlobalSection
	GlobalSection(ExtensibilityGlobals) = postSolution
		SolutionGuid = {F475B17C-3C6C-4D26-A3C0-5A5A6E4B9DEF}
	EndGlobalSection
EndGlobal
