
Microsoft Visual Studio Solution File, Format Version 12.00
# Visual Studio Version 16
VisualStudioVersion = 16.0.30225.117
MinimumVisualStudioVersion = 10.0.40219.1
Project("{FAE04EC0-301F-11D3-BF4B-00C04F79EFBC}") = "method_overriding", "method_overriding\method_overriding.csproj", "{D7BB729C-B971-4AF1-8077-A4057B60EF25}"
EndProject
Global
	GlobalSection(SolutionConfigurationPlatforms) = preSolution
		Debug|Any CPU = Debug|Any CPU
		Release|Any CPU = Release|Any CPU
	EndGlobalSection
	GlobalSection(ProjectConfigurationPlatforms) = postSolution
		{D7BB729C-B971-4AF1-8077-A4057B60EF25}.Debug|Any CPU.ActiveCfg = Debug|Any CPU
		{D7BB729C-B971-4AF1-8077-A4057B60EF25}.Debug|Any CPU.Build.0 = Debug|Any CPU
		{D7BB729C-B971-4AF1-8077-A4057B60EF25}.Release|Any CPU.ActiveCfg = Release|Any CPU
		{D7BB729C-B971-4AF1-8077-A4057B60EF25}.Release|Any CPU.Build.0 = Release|Any CPU
	EndGlobalSection
	GlobalSection(SolutionProperties) = preSolution
		HideSolutionNode = FALSE
	EndGlobalSection
	GlobalSection(ExtensibilityGlobals) = postSolution
		SolutionGuid = {DBAC6124-AB46-4669-92F5-86D7ADE55378}
	EndGlobalSection
EndGlobal
