
Microsoft Visual Studio Solution File, Format Version 12.00
# Visual Studio Version 16
VisualStudioVersion = 16.0.30225.117
MinimumVisualStudioVersion = 10.0.40219.1
Project("{FAE04EC0-301F-11D3-BF4B-00C04F79EFBC}") = "exchange of var", "exchange of var\exchange of var.csproj", "{56E35943-FA2C-49E3-96D9-F029E5AB2DA4}"
EndProject
Global
	GlobalSection(SolutionConfigurationPlatforms) = preSolution
		Debug|Any CPU = Debug|Any CPU
		Release|Any CPU = Release|Any CPU
	EndGlobalSection
	GlobalSection(ProjectConfigurationPlatforms) = postSolution
		{56E35943-FA2C-49E3-96D9-F029E5AB2DA4}.Debug|Any CPU.ActiveCfg = Debug|Any CPU
		{56E35943-FA2C-49E3-96D9-F029E5AB2DA4}.Debug|Any CPU.Build.0 = Debug|Any CPU
		{56E35943-FA2C-49E3-96D9-F029E5AB2DA4}.Release|Any CPU.ActiveCfg = Release|Any CPU
		{56E35943-FA2C-49E3-96D9-F029E5AB2DA4}.Release|Any CPU.Build.0 = Release|Any CPU
	EndGlobalSection
	GlobalSection(SolutionProperties) = preSolution
		HideSolutionNode = FALSE
	EndGlobalSection
	GlobalSection(ExtensibilityGlobals) = postSolution
		SolutionGuid = {5E18701E-C61C-4C5F-811B-50959B199D3F}
	EndGlobalSection
EndGlobal
