
Microsoft Visual Studio Solution File, Format Version 12.00
# Visual Studio Version 16
VisualStudioVersion = 16.0.30225.117
MinimumVisualStudioVersion = 10.0.40219.1
Project("{FAE04EC0-301F-11D3-BF4B-00C04F79EFBC}") = "ClassLibrary", "ClassLibrary\ClassLibrary.csproj", "{DAD4CCBC-A6A9-48C9-A180-9204014D34AB}"
EndProject
Project("{FAE04EC0-301F-11D3-BF4B-00C04F79EFBC}") = "MyApp", "MyApp\MyApp.csproj", "{50E3F4CF-2F9D-43F9-8D8C-CB969E3A0F2D}"
EndProject
Global
	GlobalSection(SolutionConfigurationPlatforms) = preSolution
		Debug|Any CPU = Debug|Any CPU
		Release|Any CPU = Release|Any CPU
	EndGlobalSection
	GlobalSection(ProjectConfigurationPlatforms) = postSolution
		{DAD4CCBC-A6A9-48C9-A180-9204014D34AB}.Debug|Any CPU.ActiveCfg = Debug|Any CPU
		{DAD4CCBC-A6A9-48C9-A180-9204014D34AB}.Debug|Any CPU.Build.0 = Debug|Any CPU
		{DAD4CCBC-A6A9-48C9-A180-9204014D34AB}.Release|Any CPU.ActiveCfg = Release|Any CPU
		{DAD4CCBC-A6A9-48C9-A180-9204014D34AB}.Release|Any CPU.Build.0 = Release|Any CPU
		{50E3F4CF-2F9D-43F9-8D8C-CB969E3A0F2D}.Debug|Any CPU.ActiveCfg = Debug|Any CPU
		{50E3F4CF-2F9D-43F9-8D8C-CB969E3A0F2D}.Debug|Any CPU.Build.0 = Debug|Any CPU
		{50E3F4CF-2F9D-43F9-8D8C-CB969E3A0F2D}.Release|Any CPU.ActiveCfg = Release|Any CPU
		{50E3F4CF-2F9D-43F9-8D8C-CB969E3A0F2D}.Release|Any CPU.Build.0 = Release|Any CPU
	EndGlobalSection
	GlobalSection(SolutionProperties) = preSolution
		HideSolutionNode = FALSE
	EndGlobalSection
	GlobalSection(ExtensibilityGlobals) = postSolution
		SolutionGuid = {A3F3BBFD-F9BF-4316-86C3-DEE8A461C0FB}
	EndGlobalSection
EndGlobal
